// !$*UTF8*$!
{
	archiveVersion = 1;
	classes = {
	};
	objectVersion = 56;
	objects = {

/* Begin PBXBuildFile section */
		0705564C2BDD6419001719CB /* CurrentLocationViewController.swift in Sources */ = {isa = PBXBuildFile; fileRef = 0705564B2BDD6419001719CB /* CurrentLocationViewController.swift */; };
		070B0B802BDA9F640098EB91 /* FirebaseController.swift in Sources */ = {isa = PBXBuildFile; fileRef = 070B0B7F2BDA9F640098EB91 /* FirebaseController.swift */; };
		07B112FE2BD7B8C200FFECC5 /* FirebaseAuth in Frameworks */ = {isa = PBXBuildFile; productRef = 07B112FD2BD7B8C200FFECC5 /* FirebaseAuth */; };
		07B113002BD7B8C200FFECC5 /* FirebaseFirestore in Frameworks */ = {isa = PBXBuildFile; productRef = 07B112FF2BD7B8C200FFECC5 /* FirebaseFirestore */; };
		07B113022BD7B8C200FFECC5 /* FirebaseFirestoreSwift in Frameworks */ = {isa = PBXBuildFile; productRef = 07B113012BD7B8C200FFECC5 /* FirebaseFirestoreSwift */; };
		07B113042BD7E6E400FFECC5 /* GoogleService-Info.plist in Resources */ = {isa = PBXBuildFile; fileRef = 07B113032BD7E6E300FFECC5 /* GoogleService-Info.plist */; };
		07BF44E72BD8BD270062EFD0 /* DiveSiteObject.swift in Sources */ = {isa = PBXBuildFile; fileRef = 07BF44E62BD8BD270062EFD0 /* DiveSiteObject.swift */; };
		07BF44E92BD8BD490062EFD0 /* DiveSites.swift in Sources */ = {isa = PBXBuildFile; fileRef = 07BF44E82BD8BD490062EFD0 /* DiveSites.swift */; };
		07F979672BE2511E00F52DC8 /* LocationsTableViewController.swift in Sources */ = {isa = PBXBuildFile; fileRef = 07F979662BE2511E00F52DC8 /* LocationsTableViewController.swift */; };
		07F979692BE2526000F52DC8 /* MapViewController.swift in Sources */ = {isa = PBXBuildFile; fileRef = 07F979682BE2526000F52DC8 /* MapViewController.swift */; };
		07F9796B2BE253DB00F52DC8 /* LocationAnnotation.swift in Sources */ = {isa = PBXBuildFile; fileRef = 07F9796A2BE253DB00F52DC8 /* LocationAnnotation.swift */; };
		07F9796D2BE254B500F52DC8 /* NewLocationDelegate.swift in Sources */ = {isa = PBXBuildFile; fileRef = 07F9796C2BE254B500F52DC8 /* NewLocationDelegate.swift */; };
		275F443E2BD7B24F00E136CD /* AppDelegate.swift in Sources */ = {isa = PBXBuildFile; fileRef = 275F443D2BD7B24F00E136CD /* AppDelegate.swift */; };
		275F44402BD7B24F00E136CD /* SceneDelegate.swift in Sources */ = {isa = PBXBuildFile; fileRef = 275F443F2BD7B24F00E136CD /* SceneDelegate.swift */; };
		275F44452BD7B24F00E136CD /* Main.storyboard in Resources */ = {isa = PBXBuildFile; fileRef = 275F44432BD7B24F00E136CD /* Main.storyboard */; };
		275F44472BD7B25000E136CD /* Assets.xcassets in Resources */ = {isa = PBXBuildFile; fileRef = 275F44462BD7B25000E136CD /* Assets.xcassets */; };
		275F444A2BD7B25000E136CD /* LaunchScreen.storyboard in Resources */ = {isa = PBXBuildFile; fileRef = 275F44482BD7B25000E136CD /* LaunchScreen.storyboard */; };
/* End PBXBuildFile section */

/* Begin PBXFileReference section */
		0705564B2BDD6419001719CB /* CurrentLocationViewController.swift */ = {isa = PBXFileReference; lastKnownFileType = sourcecode.swift; path = CurrentLocationViewController.swift; sourceTree = "<group>"; };
		070B0B7F2BDA9F640098EB91 /* FirebaseController.swift */ = {isa = PBXFileReference; lastKnownFileType = sourcecode.swift; path = FirebaseController.swift; sourceTree = "<group>"; };
		07B113032BD7E6E300FFECC5 /* GoogleService-Info.plist */ = {isa = PBXFileReference; fileEncoding = 4; lastKnownFileType = text.plist.xml; path = "GoogleService-Info.plist"; sourceTree = "<group>"; };
		07BF44E62BD8BD270062EFD0 /* DiveSiteObject.swift */ = {isa = PBXFileReference; lastKnownFileType = sourcecode.swift; path = DiveSiteObject.swift; sourceTree = "<group>"; };
		07BF44E82BD8BD490062EFD0 /* DiveSites.swift */ = {isa = PBXFileReference; lastKnownFileType = sourcecode.swift; path = DiveSites.swift; sourceTree = "<group>"; };
		07F979662BE2511E00F52DC8 /* LocationsTableViewController.swift */ = {isa = PBXFileReference; lastKnownFileType = sourcecode.swift; path = LocationsTableViewController.swift; sourceTree = "<group>"; };
		07F979682BE2526000F52DC8 /* MapViewController.swift */ = {isa = PBXFileReference; lastKnownFileType = sourcecode.swift; path = MapViewController.swift; sourceTree = "<group>"; };
		07F9796A2BE253DB00F52DC8 /* LocationAnnotation.swift */ = {isa = PBXFileReference; lastKnownFileType = sourcecode.swift; path = LocationAnnotation.swift; sourceTree = "<group>"; };
		07F9796C2BE254B500F52DC8 /* NewLocationDelegate.swift */ = {isa = PBXFileReference; lastKnownFileType = sourcecode.swift; path = NewLocationDelegate.swift; sourceTree = "<group>"; };
		275F443A2BD7B24F00E136CD /* MyDivingApp.app */ = {isa = PBXFileReference; explicitFileType = wrapper.application; includeInIndex = 0; path = MyDivingApp.app; sourceTree = BUILT_PRODUCTS_DIR; };
		275F443D2BD7B24F00E136CD /* AppDelegate.swift */ = {isa = PBXFileReference; lastKnownFileType = sourcecode.swift; path = AppDelegate.swift; sourceTree = "<group>"; };
		275F443F2BD7B24F00E136CD /* SceneDelegate.swift */ = {isa = PBXFileReference; lastKnownFileType = sourcecode.swift; path = SceneDelegate.swift; sourceTree = "<group>"; };
		275F44442BD7B24F00E136CD /* Base */ = {isa = PBXFileReference; lastKnownFileType = file.storyboard; name = Base; path = Base.lproj/Main.storyboard; sourceTree = "<group>"; };
		275F44462BD7B25000E136CD /* Assets.xcassets */ = {isa = PBXFileReference; lastKnownFileType = folder.assetcatalog; path = Assets.xcassets; sourceTree = "<group>"; };
		275F44492BD7B25000E136CD /* Base */ = {isa = PBXFileReference; lastKnownFileType = file.storyboard; name = Base; path = Base.lproj/LaunchScreen.storyboard; sourceTree = "<group>"; };
		275F444B2BD7B25000E136CD /* Info.plist */ = {isa = PBXFileReference; lastKnownFileType = text.plist.xml; path = Info.plist; sourceTree = "<group>"; };
/* End PBXFileReference section */

/* Begin PBXFrameworksBuildPhase section */
		275F44372BD7B24F00E136CD /* Frameworks */ = {
			isa = PBXFrameworksBuildPhase;
			buildActionMask = 2147483647;
			files = (
				07B112FE2BD7B8C200FFECC5 /* FirebaseAuth in Frameworks */,
				07B113002BD7B8C200FFECC5 /* FirebaseFirestore in Frameworks */,
				07B113022BD7B8C200FFECC5 /* FirebaseFirestoreSwift in Frameworks */,
			);
			runOnlyForDeploymentPostprocessing = 0;
		};
/* End PBXFrameworksBuildPhase section */

/* Begin PBXGroup section */
		275F44312BD7B24F00E136CD = {
			isa = PBXGroup;
			children = (
				275F443C2BD7B24F00E136CD /* MyDivingApp */,
				275F443B2BD7B24F00E136CD /* Products */,
			);
			sourceTree = "<group>";
		};
		275F443B2BD7B24F00E136CD /* Products */ = {
			isa = PBXGroup;
			children = (
				275F443A2BD7B24F00E136CD /* MyDivingApp.app */,
			);
			name = Products;
			sourceTree = "<group>";
		};
		275F443C2BD7B24F00E136CD /* MyDivingApp */ = {
			isa = PBXGroup;
			children = (
				07B113032BD7E6E300FFECC5 /* GoogleService-Info.plist */,
				275F443D2BD7B24F00E136CD /* AppDelegate.swift */,
				275F443F2BD7B24F00E136CD /* SceneDelegate.swift */,
				275F44432BD7B24F00E136CD /* Main.storyboard */,
				275F44462BD7B25000E136CD /* Assets.xcassets */,
				275F44482BD7B25000E136CD /* LaunchScreen.storyboard */,
				275F444B2BD7B25000E136CD /* Info.plist */,
				07BF44E62BD8BD270062EFD0 /* DiveSiteObject.swift */,
				07BF44E82BD8BD490062EFD0 /* DiveSites.swift */,
				070B0B7F2BDA9F640098EB91 /* FirebaseController.swift */,
				0705564B2BDD6419001719CB /* CurrentLocationViewController.swift */,
				07F979662BE2511E00F52DC8 /* LocationsTableViewController.swift */,
				07F979682BE2526000F52DC8 /* MapViewController.swift */,
				07F9796A2BE253DB00F52DC8 /* LocationAnnotation.swift */,
				07F9796C2BE254B500F52DC8 /* NewLocationDelegate.swift */,
			);
			path = MyDivingApp;
			sourceTree = "<group>";
		};
/* End PBXGroup section */

/* Begin PBXNativeTarget section */
		275F44392BD7B24F00E136CD /* MyDivingApp */ = {
			isa = PBXNativeTarget;
			buildConfigurationList = 275F444E2BD7B25000E136CD /* Build configuration list for PBXNativeTarget "MyDivingApp" */;
			buildPhases = (
				275F44362BD7B24F00E136CD /* Sources */,
				275F44372BD7B24F00E136CD /* Frameworks */,
				275F44382BD7B24F00E136CD /* Resources */,
			);
			buildRules = (
			);
			dependencies = (
			);
			name = MyDivingApp;
			packageProductDependencies = (
				07B112FD2BD7B8C200FFECC5 /* FirebaseAuth */,
				07B112FF2BD7B8C200FFECC5 /* FirebaseFirestore */,
				07B113012BD7B8C200FFECC5 /* FirebaseFirestoreSwift */,
			);
			productName = MyDivingApp;
			productReference = 275F443A2BD7B24F00E136CD /* MyDivingApp.app */;
			productType = "com.apple.product-type.application";
		};
/* End PBXNativeTarget section */

/* Begin PBXProject section */
		275F44322BD7B24F00E136CD /* Project object */ = {
			isa = PBXProject;
			attributes = {
				BuildIndependentTargetsInParallel = 1;
				LastSwiftUpdateCheck = 1510;
				LastUpgradeCheck = 1510;
				TargetAttributes = {
					275F44392BD7B24F00E136CD = {
						CreatedOnToolsVersion = 15.1;
					};
				};
			};
			buildConfigurationList = 275F44352BD7B24F00E136CD /* Build configuration list for PBXProject "MyDivingApp" */;
			compatibilityVersion = "Xcode 14.0";
			developmentRegion = en;
			hasScannedForEncodings = 0;
			knownRegions = (
				en,
				Base,
			);
			mainGroup = 275F44312BD7B24F00E136CD;
			packageReferences = (
				07B112FC2BD7B8C200FFECC5 /* XCRemoteSwiftPackageReference "firebase-ios-sdk" */,
			);
			productRefGroup = 275F443B2BD7B24F00E136CD /* Products */;
			projectDirPath = "";
			projectRoot = "";
			targets = (
				275F44392BD7B24F00E136CD /* MyDivingApp */,
			);
		};
/* End PBXProject section */

/* Begin PBXResourcesBuildPhase section */
		275F44382BD7B24F00E136CD /* Resources */ = {
			isa = PBXResourcesBuildPhase;
			buildActionMask = 2147483647;
			files = (
				275F444A2BD7B25000E136CD /* LaunchScreen.storyboard in Resources */,
				07B113042BD7E6E400FFECC5 /* GoogleService-Info.plist in Resources */,
				275F44472BD7B25000E136CD /* Assets.xcassets in Resources */,
				275F44452BD7B24F00E136CD /* Main.storyboard in Resources */,
			);
			runOnlyForDeploymentPostprocessing = 0;
		};
/* End PBXResourcesBuildPhase section */

/* Begin PBXSourcesBuildPhase section */
		275F44362BD7B24F00E136CD /* Sources */ = {
			isa = PBXSourcesBuildPhase;
			buildActionMask = 2147483647;
			files = (
				07F979692BE2526000F52DC8 /* MapViewController.swift in Sources */,
				07F979672BE2511E00F52DC8 /* LocationsTableViewController.swift in Sources */,
				070B0B802BDA9F640098EB91 /* FirebaseController.swift in Sources */,
				07BF44E92BD8BD490062EFD0 /* DiveSites.swift in Sources */,
				275F443E2BD7B24F00E136CD /* AppDelegate.swift in Sources */,
				275F44402BD7B24F00E136CD /* SceneDelegate.swift in Sources */,
				07F9796D2BE254B500F52DC8 /* NewLocationDelegate.swift in Sources */,
				0705564C2BDD6419001719CB /* CurrentLocationViewController.swift in Sources */,
				07BF44E72BD8BD270062EFD0 /* DiveSiteObject.swift in Sources */,
				07F9796B2BE253DB00F52DC8 /* LocationAnnotation.swift in Sources */,
			);
			runOnlyForDeploymentPostprocessing = 0;
		};
/* End PBXSourcesBuildPhase section */

/* Begin PBXVariantGroup section */
		275F44432BD7B24F00E136CD /* Main.storyboard */ = {
			isa = PBXVariantGroup;
			children = (
				275F44442BD7B24F00E136CD /* Base */,
			);
			name = Main.storyboard;
			sourceTree = "<group>";
		};
		275F44482BD7B25000E136CD /* LaunchScreen.storyboard */ = {
			isa = PBXVariantGroup;
			children = (
				275F44492BD7B25000E136CD /* Base */,
			);
			name = LaunchScreen.storyboard;
			sourceTree = "<group>";
		};
/* End PBXVariantGroup section */

/* Begin XCBuildConfiguration section */
		275F444C2BD7B25000E136CD /* Debug */ = {
			isa = XCBuildConfiguration;
			buildSettings = {
				ALWAYS_SEARCH_USER_PATHS = NO;
				ASSETCATALOG_COMPILER_GENERATE_SWIFT_ASSET_SYMBOL_EXTENSIONS = YES;
				CLANG_ANALYZER_NONNULL = YES;
				CLANG_ANALYZER_NUMBER_OBJECT_CONVERSION = YES_AGGRESSIVE;
				CLANG_CXX_LANGUAGE_STANDARD = "gnu++20";
				CLANG_ENABLE_MODULES = YES;
				CLANG_ENABLE_OBJC_ARC = YES;
				CLANG_ENABLE_OBJC_WEAK = YES;
				CLANG_WARN_BLOCK_CAPTURE_AUTORELEASING = YES;
				CLANG_WARN_BOOL_CONVERSION = YES;
				CLANG_WARN_COMMA = YES;
				CLANG_WARN_CONSTANT_CONVERSION = YES;
				CLANG_WARN_DEPRECATED_OBJC_IMPLEMENTATIONS = YES;
				CLANG_WARN_DIRECT_OBJC_ISA_USAGE = YES_ERROR;
				CLANG_WARN_DOCUMENTATION_COMMENTS = YES;
				CLANG_WARN_EMPTY_BODY = YES;
				CLANG_WARN_ENUM_CONVERSION = YES;
				CLANG_WARN_INFINITE_RECURSION = YES;
				CLANG_WARN_INT_CONVERSION = YES;
				CLANG_WARN_NON_LITERAL_NULL_CONVERSION = YES;
				CLANG_WARN_OBJC_IMPLICIT_RETAIN_SELF = YES;
				CLANG_WARN_OBJC_LITERAL_CONVERSION = YES;
				CLANG_WARN_OBJC_ROOT_CLASS = YES_ERROR;
				CLANG_WARN_QUOTED_INCLUDE_IN_FRAMEWORK_HEADER = YES;
				CLANG_WARN_RANGE_LOOP_ANALYSIS = YES;
				CLANG_WARN_STRICT_PROTOTYPES = YES;
				CLANG_WARN_SUSPICIOUS_MOVE = YES;
				CLANG_WARN_UNGUARDED_AVAILABILITY = YES_AGGRESSIVE;
				CLANG_WARN_UNREACHABLE_CODE = YES;
				CLANG_WARN__DUPLICATE_METHOD_MATCH = YES;
				COPY_PHASE_STRIP = NO;
				DEBUG_INFORMATION_FORMAT = dwarf;
				ENABLE_STRICT_OBJC_MSGSEND = YES;
				ENABLE_TESTABILITY = YES;
				ENABLE_USER_SCRIPT_SANDBOXING = YES;
				GCC_C_LANGUAGE_STANDARD = gnu17;
				GCC_DYNAMIC_NO_PIC = NO;
				GCC_NO_COMMON_BLOCKS = YES;
				GCC_OPTIMIZATION_LEVEL = 0;
				GCC_PREPROCESSOR_DEFINITIONS = (
					"DEBUG=1",
					"$(inherited)",
				);
				GCC_WARN_64_TO_32_BIT_CONVERSION = YES;
				GCC_WARN_ABOUT_RETURN_TYPE = YES_ERROR;
				GCC_WARN_UNDECLARED_SELECTOR = YES;
				GCC_WARN_UNINITIALIZED_AUTOS = YES_AGGRESSIVE;
				GCC_WARN_UNUSED_FUNCTION = YES;
				GCC_WARN_UNUSED_VARIABLE = YES;
				IPHONEOS_DEPLOYMENT_TARGET = 17.2;
				LOCALIZATION_PREFERS_STRING_CATALOGS = YES;
				MTL_ENABLE_DEBUG_INFO = INCLUDE_SOURCE;
				MTL_FAST_MATH = YES;
				ONLY_ACTIVE_ARCH = YES;
				SDKROOT = iphoneos;
				SWIFT_ACTIVE_COMPILATION_CONDITIONS = "DEBUG $(inherited)";
				SWIFT_OPTIMIZATION_LEVEL = "-Onone";
			};
			name = Debug;
		};
		275F444D2BD7B25000E136CD /* Release */ = {
			isa = XCBuildConfiguration;
			buildSettings = {
				ALWAYS_SEARCH_USER_PATHS = NO;
				ASSETCATALOG_COMPILER_GENERATE_SWIFT_ASSET_SYMBOL_EXTENSIONS = YES;
				CLANG_ANALYZER_NONNULL = YES;
				CLANG_ANALYZER_NUMBER_OBJECT_CONVERSION = YES_AGGRESSIVE;
				CLANG_CXX_LANGUAGE_STANDARD = "gnu++20";
				CLANG_ENABLE_MODULES = YES;
				CLANG_ENABLE_OBJC_ARC = YES;
				CLANG_ENABLE_OBJC_WEAK = YES;
				CLANG_WARN_BLOCK_CAPTURE_AUTORELEASING = YES;
				CLANG_WARN_BOOL_CONVERSION = YES;
				CLANG_WARN_COMMA = YES;
				CLANG_WARN_CONSTANT_CONVERSION = YES;
				CLANG_WARN_DEPRECATED_OBJC_IMPLEMENTATIONS = YES;
				CLANG_WARN_DIRECT_OBJC_ISA_USAGE = YES_ERROR;
				CLANG_WARN_DOCUMENTATION_COMMENTS = YES;
				CLANG_WARN_EMPTY_BODY = YES;
				CLANG_WARN_ENUM_CONVERSION = YES;
				CLANG_WARN_INFINITE_RECURSION = YES;
				CLANG_WARN_INT_CONVERSION = YES;
				CLANG_WARN_NON_LITERAL_NULL_CONVERSION = YES;
				CLANG_WARN_OBJC_IMPLICIT_RETAIN_SELF = YES;
				CLANG_WARN_OBJC_LITERAL_CONVERSION = YES;
				CLANG_WARN_OBJC_ROOT_CLASS = YES_ERROR;
				CLANG_WARN_QUOTED_INCLUDE_IN_FRAMEWORK_HEADER = YES;
				CLANG_WARN_RANGE_LOOP_ANALYSIS = YES;
				CLANG_WARN_STRICT_PROTOTYPES = YES;
				CLANG_WARN_SUSPICIOUS_MOVE = YES;
				CLANG_WARN_UNGUARDED_AVAILABILITY = YES_AGGRESSIVE;
				CLANG_WARN_UNREACHABLE_CODE = YES;
				CLANG_WARN__DUPLICATE_METHOD_MATCH = YES;
				COPY_PHASE_STRIP = NO;
				DEBUG_INFORMATION_FORMAT = "dwarf-with-dsym";
				ENABLE_NS_ASSERTIONS = NO;
				ENABLE_STRICT_OBJC_MSGSEND = YES;
				ENABLE_USER_SCRIPT_SANDBOXING = YES;
				GCC_C_LANGUAGE_STANDARD = gnu17;
				GCC_NO_COMMON_BLOCKS = YES;
				GCC_WARN_64_TO_32_BIT_CONVERSION = YES;
				GCC_WARN_ABOUT_RETURN_TYPE = YES_ERROR;
				GCC_WARN_UNDECLARED_SELECTOR = YES;
				GCC_WARN_UNINITIALIZED_AUTOS = YES_AGGRESSIVE;
				GCC_WARN_UNUSED_FUNCTION = YES;
				GCC_WARN_UNUSED_VARIABLE = YES;
				IPHONEOS_DEPLOYMENT_TARGET = 17.2;
				LOCALIZATION_PREFERS_STRING_CATALOGS = YES;
				MTL_ENABLE_DEBUG_INFO = NO;
				MTL_FAST_MATH = YES;
				SDKROOT = iphoneos;
				SWIFT_COMPILATION_MODE = wholemodule;
				VALIDATE_PRODUCT = YES;
			};
			name = Release;
		};
		275F444F2BD7B25000E136CD /* Debug */ = {
			isa = XCBuildConfiguration;
			buildSettings = {
				ASSETCATALOG_COMPILER_APPICON_NAME = AppIcon;
				ASSETCATALOG_COMPILER_GLOBAL_ACCENT_COLOR_NAME = AccentColor;
				CODE_SIGN_STYLE = Automatic;
				CURRENT_PROJECT_VERSION = 1;
				DEVELOPMENT_TEAM = WA9774898R;
				GENERATE_INFOPLIST_FILE = YES;
				INFOPLIST_FILE = MyDivingApp/Info.plist;
				INFOPLIST_KEY_UIApplicationSupportsIndirectInputEvents = YES;
				INFOPLIST_KEY_UILaunchStoryboardName = LaunchScreen;
				INFOPLIST_KEY_UIMainStoryboardFile = Main;
				INFOPLIST_KEY_UISupportedInterfaceOrientations_iPad = "UIInterfaceOrientationPortrait UIInterfaceOrientationPortraitUpsideDown UIInterfaceOrientationLandscapeLeft UIInterfaceOrientationLandscapeRight";
				INFOPLIST_KEY_UISupportedInterfaceOrientations_iPhone = "UIInterfaceOrientationPortrait UIInterfaceOrientationLandscapeLeft UIInterfaceOrientationLandscapeRight";
				LD_RUNPATH_SEARCH_PATHS = (
					"$(inherited)",
					"@executable_path/Frameworks",
				);
				MARKETING_VERSION = 1.0;
				PRODUCT_BUNDLE_IDENTIFIER = monash.edu.MyDivingApp;
				PRODUCT_NAME = "$(TARGET_NAME)";
				SWIFT_EMIT_LOC_STRINGS = YES;
				SWIFT_VERSION = 5.0;
				TARGETED_DEVICE_FAMILY = "1,2";
			};
			name = Debug;
		};
		275F44502BD7B25000E136CD /* Release */ = {
			isa = XCBuildConfiguration;
			buildSettings = {
				ASSETCATALOG_COMPILER_APPICON_NAME = AppIcon;
				ASSETCATALOG_COMPILER_GLOBAL_ACCENT_COLOR_NAME = AccentColor;
				CODE_SIGN_STYLE = Automatic;
				CURRENT_PROJECT_VERSION = 1;
				DEVELOPMENT_TEAM = WA9774898R;
				GENERATE_INFOPLIST_FILE = YES;
				INFOPLIST_FILE = MyDivingApp/Info.plist;
				INFOPLIST_KEY_UIApplicationSupportsIndirectInputEvents = YES;
				INFOPLIST_KEY_UILaunchStoryboardName = LaunchScreen;
				INFOPLIST_KEY_UIMainStoryboardFile = Main;
				INFOPLIST_KEY_UISupportedInterfaceOrientations_iPad = "UIInterfaceOrientationPortrait UIInterfaceOrientationPortraitUpsideDown UIInterfaceOrientationLandscapeLeft UIInterfaceOrientationLandscapeRight";
				INFOPLIST_KEY_UISupportedInterfaceOrientations_iPhone = "UIInterfaceOrientationPortrait UIInterfaceOrientationLandscapeLeft UIInterfaceOrientationLandscapeRight";
				LD_RUNPATH_SEARCH_PATHS = (
					"$(inherited)",
					"@executable_path/Frameworks",
				);
				MARKETING_VERSION = 1.0;
				PRODUCT_BUNDLE_IDENTIFIER = monash.edu.MyDivingApp;
				PRODUCT_NAME = "$(TARGET_NAME)";
				SWIFT_EMIT_LOC_STRINGS = YES;
				SWIFT_VERSION = 5.0;
				TARGETED_DEVICE_FAMILY = "1,2";
			};
			name = Release;
		};
/* End XCBuildConfiguration section */

/* Begin XCConfigurationList section */
		275F44352BD7B24F00E136CD /* Build configuration list for PBXProject "MyDivingApp" */ = {
			isa = XCConfigurationList;
			buildConfigurations = (
				275F444C2BD7B25000E136CD /* Debug */,
				275F444D2BD7B25000E136CD /* Release */,
			);
			defaultConfigurationIsVisible = 0;
			defaultConfigurationName = Release;
		};
		275F444E2BD7B25000E136CD /* Build configuration list for PBXNativeTarget "MyDivingApp" */ = {
			isa = XCConfigurationList;
			buildConfigurations = (
				275F444F2BD7B25000E136CD /* Debug */,
				275F44502BD7B25000E136CD /* Release */,
			);
			defaultConfigurationIsVisible = 0;
			defaultConfigurationName = Release;
		};
/* End XCConfigurationList section */

/* Begin XCRemoteSwiftPackageReference section */
		07B112FC2BD7B8C200FFECC5 /* XCRemoteSwiftPackageReference "firebase-ios-sdk" */ = {
			isa = XCRemoteSwiftPackageReference;
			repositoryURL = "https://github.com/firebase/firebase-ios-sdk.git";
			requirement = {
				kind = upToNextMajorVersion;
				minimumVersion = 10.24.0;
			};
		};
/* End XCRemoteSwiftPackageReference section */

/* Begin XCSwiftPackageProductDependency section */
		07B112FD2BD7B8C200FFECC5 /* FirebaseAuth */ = {
			isa = XCSwiftPackageProductDependency;
			package = 07B112FC2BD7B8C200FFECC5 /* XCRemoteSwiftPackageReference "firebase-ios-sdk" */;
			productName = FirebaseAuth;
		};
		07B112FF2BD7B8C200FFECC5 /* FirebaseFirestore */ = {
			isa = XCSwiftPackageProductDependency;
			package = 07B112FC2BD7B8C200FFECC5 /* XCRemoteSwiftPackageReference "firebase-ios-sdk" */;
			productName = FirebaseFirestore;
		};
		07B113012BD7B8C200FFECC5 /* FirebaseFirestoreSwift */ = {
			isa = XCSwiftPackageProductDependency;
			package = 07B112FC2BD7B8C200FFECC5 /* XCRemoteSwiftPackageReference "firebase-ios-sdk" */;
			productName = FirebaseFirestoreSwift;
		};
/* End XCSwiftPackageProductDependency section */
	};
	rootObject = 275F44322BD7B24F00E136CD /* Project object */;
}
